// !$*UTF8*$!
{
	archiveVersion = 1;
	classes = {
	};
	objectVersion = 46;
	objects = {

/* Begin PBXBuildFile section */
		3D56F15B1DF77965004D2AEB /* AppDelegate.swift in Sources */ = {isa = PBXBuildFile; fileRef = 3D56F15A1DF77965004D2AEB /* AppDelegate.swift */; };
		3D56F15D1DF77965004D2AEB /* ViewController.swift in Sources */ = {isa = PBXBuildFile; fileRef = 3D56F15C1DF77965004D2AEB /* ViewController.swift */; };
		3D56F1601DF77965004D2AEB /* Main.storyboard in Resources */ = {isa = PBXBuildFile; fileRef = 3D56F15E1DF77965004D2AEB /* Main.storyboard */; };
		3D56F1621DF77965004D2AEB /* Assets.xcassets in Resources */ = {isa = PBXBuildFile; fileRef = 3D56F1611DF77965004D2AEB /* Assets.xcassets */; };
		3D56F1651DF77965004D2AEB /* LaunchScreen.storyboard in Resources */ = {isa = PBXBuildFile; fileRef = 3D56F1631DF77965004D2AEB /* LaunchScreen.storyboard */; };
/* End PBXBuildFile section */

/* Begin PBXFileReference section */
		3D56F1571DF77965004D2AEB /* rhmf-ios-native.app */ = {isa = PBXFileReference; explicitFileType = wrapper.application; includeInIndex = 0; path = "rhmf-ios-native.app"; sourceTree = BUILT_PRODUCTS_DIR; };
		3D56F15A1DF77965004D2AEB /* AppDelegate.swift */ = {isa = PBXFileReference; lastKnownFileType = sourcecode.swift; path = AppDelegate.swift; sourceTree = "<group>"; };
		3D56F15C1DF77965004D2AEB /* ViewController.swift */ = {isa = PBXFileReference; lastKnownFileType = sourcecode.swift; path = ViewController.swift; sourceTree = "<group>"; };
		3D56F15F1DF77965004D2AEB /* Base */ = {isa = PBXFileReference; lastKnownFileType = file.storyboard; name = Base; path = Base.lproj/Main.storyboard; sourceTree = "<group>"; };
		3D56F1611DF77965004D2AEB /* Assets.xcassets */ = {isa = PBXFileReference; lastKnownFileType = folder.assetcatalog; path = Assets.xcassets; sourceTree = "<group>"; };
		3D56F1641DF77965004D2AEB /* Base */ = {isa = PBXFileReference; lastKnownFileType = file.storyboard; name = Base; path = Base.lproj/LaunchScreen.storyboard; sourceTree = "<group>"; };
		3D56F1661DF77965004D2AEB /* Info.plist */ = {isa = PBXFileReference; lastKnownFileType = text.plist.xml; path = Info.plist; sourceTree = "<group>"; };
/* End PBXFileReference section */

/* Begin PBXFrameworksBuildPhase section */
		3D56F1541DF77965004D2AEB /* Frameworks */ = {
			isa = PBXFrameworksBuildPhase;
			buildActionMask = 2147483647;
			files = (
			);
			runOnlyForDeploymentPostprocessing = 0;
		};
/* End PBXFrameworksBuildPhase section */

/* Begin PBXGroup section */
		3D56F14E1DF77965004D2AEB = {
			isa = PBXGroup;
			children = (
				3D56F1591DF77965004D2AEB /* rhmf-ios-native */,
				3D56F1581DF77965004D2AEB /* Products */,
			);
			sourceTree = "<group>";
		};
		3D56F1581DF77965004D2AEB /* Products */ = {
			isa = PBXGroup;
			children = (
				3D56F1571DF77965004D2AEB /* rhmf-ios-native.app */,
			);
			name = Products;
			sourceTree = "<group>";
		};
		3D56F1591DF77965004D2AEB /* rhmf-ios-native */ = {
			isa = PBXGroup;
			children = (
				3D56F15A1DF77965004D2AEB /* AppDelegate.swift */,
				3D56F15C1DF77965004D2AEB /* ViewController.swift */,
				3D56F15E1DF77965004D2AEB /* Main.storyboard */,
				3D56F1611DF77965004D2AEB /* Assets.xcassets */,
				3D56F1631DF77965004D2AEB /* LaunchScreen.storyboard */,
				3D56F1661DF77965004D2AEB /* Info.plist */,
			);
			path = "rhmf-ios-native";
			sourceTree = "<group>";
		};
/* End PBXGroup section */

/* Begin PBXNativeTarget section */
		3D56F1561DF77965004D2AEB /* rhmf-ios-native */ = {
			isa = PBXNativeTarget;
			buildConfigurationList = 3D56F1691DF77965004D2AEB /* Build configuration list for PBXNativeTarget "rhmf-ios-native" */;
			buildPhases = (
				3D56F1531DF77965004D2AEB /* Sources */,
				3D56F1541DF77965004D2AEB /* Frameworks */,
				3D56F1551DF77965004D2AEB /* Resources */,
			);
			buildRules = (
			);
			dependencies = (
			);
			name = "rhmf-ios-native";
			productName = "rhmf-ios-native";
			productReference = 3D56F1571DF77965004D2AEB /* rhmf-ios-native.app */;
			productType = "com.apple.product-type.application";
		};
/* End PBXNativeTarget section */

/* Begin PBXProject section */
		3D56F14F1DF77965004D2AEB /* Project object */ = {
			isa = PBXProject;
			attributes = {
				LastSwiftUpdateCheck = 0810;
				LastUpgradeCheck = 0810;
				ORGANIZATIONNAME = "Red Hat MW SAs";
				TargetAttributes = {
					3D56F1561DF77965004D2AEB = {
						CreatedOnToolsVersion = 8.1;
						DevelopmentTeam = BD2TPDQG5D;
						ProvisioningStyle = Automatic;
					};
				};
			};
			buildConfigurationList = 3D56F1521DF77965004D2AEB /* Build configuration list for PBXProject "rhmf-ios-native" */;
			compatibilityVersion = "Xcode 3.2";
			developmentRegion = English;
			hasScannedForEncodings = 0;
			knownRegions = (
				en,
				Base,
			);
			mainGroup = 3D56F14E1DF77965004D2AEB;
			productRefGroup = 3D56F1581DF77965004D2AEB /* Products */;
			projectDirPath = "";
			projectRoot = "";
			targets = (
				3D56F1561DF77965004D2AEB /* rhmf-ios-native */,
			);
		};
/* End PBXProject section */

/* Begin PBXResourcesBuildPhase section */
		3D56F1551DF77965004D2AEB /* Resources */ = {
			isa = PBXResourcesBuildPhase;
			buildActionMask = 2147483647;
			files = (
				3D56F1651DF77965004D2AEB /* LaunchScreen.storyboard in Resources */,
				3D56F1621DF77965004D2AEB /* Assets.xcassets in Resources */,
				3D56F1601DF77965004D2AEB /* Main.storyboard in Resources */,
			);
			runOnlyForDeploymentPostprocessing = 0;
		};
/* End PBXResourcesBuildPhase section */

/* Begin PBXSourcesBuildPhase section */
		3D56F1531DF77965004D2AEB /* Sources */ = {
			isa = PBXSourcesBuildPhase;
			buildActionMask = 2147483647;
			files = (
				3D56F15D1DF77965004D2AEB /* ViewController.swift in Sources */,
				3D56F15B1DF77965004D2AEB /* AppDelegate.swift in Sources */,
			);
			runOnlyForDeploymentPostprocessing = 0;
		};
/* End PBXSourcesBuildPhase section */

/* Begin PBXVariantGroup section */
		3D56F15E1DF77965004D2AEB /* Main.storyboard */ = {
			isa = PBXVariantGroup;
			children = (
				3D56F15F1DF77965004D2AEB /* Base */,
			);
			name = Main.storyboard;
			sourceTree = "<group>";
		};
		3D56F1631DF77965004D2AEB /* LaunchScreen.storyboard */ = {
			isa = PBXVariantGroup;
			children = (
				3D56F1641DF77965004D2AEB /* Base */,
			);
			name = LaunchScreen.storyboard;
			sourceTree = "<group>";
		};
/* End PBXVariantGroup section */

/* Begin XCBuildConfiguration section */
		3D56F1671DF77965004D2AEB /* Debug */ = {
			isa = XCBuildConfiguration;
			buildSettings = {
				ALWAYS_SEARCH_USER_PATHS = NO;
				CLANG_ANALYZER_NONNULL = YES;
				CLANG_CXX_LANGUAGE_STANDARD = "gnu++0x";
				CLANG_CXX_LIBRARY = "libc++";
				CLANG_ENABLE_MODULES = YES;
				CLANG_ENABLE_OBJC_ARC = YES;
				CLANG_WARN_BOOL_CONVERSION = YES;
				CLANG_WARN_CONSTANT_CONVERSION = YES;
				CLANG_WARN_DIRECT_OBJC_ISA_USAGE = YES_ERROR;
				CLANG_WARN_DOCUMENTATION_COMMENTS = YES;
				CLANG_WARN_EMPTY_BODY = YES;
				CLANG_WARN_ENUM_CONVERSION = YES;
				CLANG_WARN_INFINITE_RECURSION = YES;
				CLANG_WARN_INT_CONVERSION = YES;
				CLANG_WARN_OBJC_ROOT_CLASS = YES_ERROR;
				CLANG_WARN_SUSPICIOUS_MOVES = YES;
				CLANG_WARN_UNREACHABLE_CODE = YES;
				CLANG_WARN__DUPLICATE_METHOD_MATCH = YES;
				"CODE_SIGN_IDENTITY[sdk=iphoneos*]" = "iPhone Developer";
				COPY_PHASE_STRIP = NO;
				DEBUG_INFORMATION_FORMAT = dwarf;
				ENABLE_STRICT_OBJC_MSGSEND = YES;
				ENABLE_TESTABILITY = YES;
				GCC_C_LANGUAGE_STANDARD = gnu99;
				GCC_DYNAMIC_NO_PIC = NO;
				GCC_NO_COMMON_BLOCKS = YES;
				GCC_OPTIMIZATION_LEVEL = 0;
				GCC_PREPROCESSOR_DEFINITIONS = (
					"DEBUG=1",
					"$(inherited)",
				);
				GCC_WARN_64_TO_32_BIT_CONVERSION = YES;
				GCC_WARN_ABOUT_RETURN_TYPE = YES_ERROR;
				GCC_WARN_UNDECLARED_SELECTOR = YES;
				GCC_WARN_UNINITIALIZED_AUTOS = YES_AGGRESSIVE;
				GCC_WARN_UNUSED_FUNCTION = YES;
				GCC_WARN_UNUSED_VARIABLE = YES;
				IPHONEOS_DEPLOYMENT_TARGET = 10.1;
				MTL_ENABLE_DEBUG_INFO = YES;
				ONLY_ACTIVE_ARCH = YES;
				SDKROOT = iphoneos;
				SWIFT_ACTIVE_COMPILATION_CONDITIONS = DEBUG;
				SWIFT_OPTIMIZATION_LEVEL = "-Onone";
			};
			name = Debug;
		};
		3D56F1681DF77965004D2AEB /* Release */ = {
			isa = XCBuildConfiguration;
			buildSettings = {
				ALWAYS_SEARCH_USER_PATHS = NO;
				CLANG_ANALYZER_NONNULL = YES;
				CLANG_CXX_LANGUAGE_STANDARD = "gnu++0x";
				CLANG_CXX_LIBRARY = "libc++";
				CLANG_ENABLE_MODULES = YES;
				CLANG_ENABLE_OBJC_ARC = YES;
				CLANG_WARN_BOOL_CONVERSION = YES;
				CLANG_WARN_CONSTANT_CONVERSION = YES;
				CLANG_WARN_DIRECT_OBJC_ISA_USAGE = YES_ERROR;
				CLANG_WARN_DOCUMENTATION_COMMENTS = YES;
				CLANG_WARN_EMPTY_BODY = YES;
				CLANG_WARN_ENUM_CONVERSION = YES;
				CLANG_WARN_INFINITE_RECURSION = YES;
				CLANG_WARN_INT_CONVERSION = YES;
				CLANG_WARN_OBJC_ROOT_CLASS = YES_ERROR;
				CLANG_WARN_SUSPICIOUS_MOVES = YES;
				CLANG_WARN_UNREACHABLE_CODE = YES;
				CLANG_WARN__DUPLICATE_METHOD_MATCH = YES;
				"CODE_SIGN_IDENTITY[sdk=iphoneos*]" = "iPhone Developer";
				COPY_PHASE_STRIP = NO;
				DEBUG_INFORMATION_FORMAT = "dwarf-with-dsym";
				ENABLE_NS_ASSERTIONS = NO;
				ENABLE_STRICT_OBJC_MSGSEND = YES;
				GCC_C_LANGUAGE_STANDARD = gnu99;
				GCC_NO_COMMON_BLOCKS = YES;
				GCC_WARN_64_TO_32_BIT_CONVERSION = YES;
				GCC_WARN_ABOUT_RETURN_TYPE = YES_ERROR;
				GCC_WARN_UNDECLARED_SELECTOR = YES;
				GCC_WARN_UNINITIALIZED_AUTOS = YES_AGGRESSIVE;
				GCC_WARN_UNUSED_FUNCTION = YES;
				GCC_WARN_UNUSED_VARIABLE = YES;
				IPHONEOS_DEPLOYMENT_TARGET = 10.1;
				MTL_ENABLE_DEBUG_INFO = NO;
				SDKROOT = iphoneos;
				SWIFT_OPTIMIZATION_LEVEL = "-Owholemodule";
				VALIDATE_PRODUCT = YES;
			};
			name = Release;
		};
		3D56F16A1DF77965004D2AEB /* Debug */ = {
			isa = XCBuildConfiguration;
			buildSettings = {
				ASSETCATALOG_COMPILER_APPICON_NAME = AppIcon;
				DEVELOPMENT_TEAM = BD2TPDQG5D;
				INFOPLIST_FILE = "rhmf-ios-native/Info.plist";
				LD_RUNPATH_SEARCH_PATHS = "$(inherited) @executable_path/Frameworks";
				PRODUCT_BUNDLE_IDENTIFIER = "com.redhat.de.sa.mw.rhmf-ios-native";
				PRODUCT_NAME = "$(TARGET_NAME)";
				SWIFT_VERSION = 3.0;
			};
			name = Debug;
		};
		3D56F16B1DF77965004D2AEB /* Release */ = {
			isa = XCBuildConfiguration;
			buildSettings = {
				ASSETCATALOG_COMPILER_APPICON_NAME = AppIcon;
				DEVELOPMENT_TEAM = BD2TPDQG5D;
				INFOPLIST_FILE = "rhmf-ios-native/Info.plist";
				LD_RUNPATH_SEARCH_PATHS = "$(inherited) @executable_path/Frameworks";
				PRODUCT_BUNDLE_IDENTIFIER = "com.redhat.de.sa.mw.rhmf-ios-native";
				PRODUCT_NAME = "$(TARGET_NAME)";
				SWIFT_VERSION = 3.0;
			};
			name = Release;
		};
/* End XCBuildConfiguration section */

/* Begin XCConfigurationList section */
		3D56F1521DF77965004D2AEB /* Build configuration list for PBXProject "rhmf-ios-native" */ = {
			isa = XCConfigurationList;
			buildConfigurations = (
				3D56F1671DF77965004D2AEB /* Debug */,
				3D56F1681DF77965004D2AEB /* Release */,
			);
			defaultConfigurationIsVisible = 0;
			defaultConfigurationName = Release;
		};
		3D56F1691DF77965004D2AEB /* Build configuration list for PBXNativeTarget "rhmf-ios-native" */ = {
			isa = XCConfigurationList;
			buildConfigurations = (
				3D56F16A1DF77965004D2AEB /* Debug */,
				3D56F16B1DF77965004D2AEB /* Release */,
			);
			defaultConfigurationIsVisible = 0;
		};
/* End XCConfigurationList section */
	};
	rootObject = 3D56F14F1DF77965004D2AEB /* Project object */;
}
